
Microsoft Visual Studio Solution File, Format Version 12.00
# Visual Studio Version 17
VisualStudioVersion = 17.0.31903.59
MinimumVisualStudioVersion = 10.0.40219.1
Project("{2150E333-8FDC-42A3-9474-1A3956D46DE8}") = "src", "src", "{827E0CD3-B72D-47B6-A68D-7590B98EB39B}"
EndProject
Project("{FAE04EC0-301F-11D3-BF4B-00C04F79EFBC}") = "TheManeFeed.Cli", "src\TheManeFeed.Cli\TheManeFeed.Cli.csproj", "{4E283B15-8F43-425F-923F-00459E0B5490}"
EndProject
Project("{FAE04EC0-301F-11D3-BF4B-00C04F79EFBC}") = "TheManeFeed.Core", "src\TheManeFeed.Core\TheManeFeed.Core.csproj", "{C70B9DE3-3D5E-4C67-ACDA-F6D93C446F00}"
EndProject
Project("{FAE04EC0-301F-11D3-BF4B-00C04F79EFBC}") = "TheManeFeed.Infrastructure", "src\TheManeFeed.Infrastructure\TheManeFeed.Infrastructure.csproj", "{747E4550-C735-4BCA-A2B8-C864EFF59DA9}"
EndProject
Project("{FAE04EC0-301F-11D3-BF4B-00C04F79EFBC}") = "TheManeFeed.Api", "src\TheManeFeed.Api\TheManeFeed.Api.csproj", "{01009902-89C4-4F23-8DE1-5AA60F3CF4E7}"
EndProject
Project("{2150E333-8FDC-42A3-9474-1A3956D46DE8}") = "tests", "tests", "{0AB3BF05-4346-4AA6-1389-037BE0695223}"
EndProject
Project("{FAE04EC0-301F-11D3-BF4B-00C04F79EFBC}") = "TheManeFeed.Tests.Integration", "tests\TheManeFeed.Tests.Integration\TheManeFeed.Tests.Integration.csproj", "{B8446BC0-6009-48B9-A3F1-5CD194855186}"
EndProject
Global
	GlobalSection(SolutionConfigurationPlatforms) = preSolution
		Debug|Any CPU = Debug|Any CPU
		Debug|x64 = Debug|x64
		Debug|x86 = Debug|x86
		Release|Any CPU = Release|Any CPU
		Release|x64 = Release|x64
		Release|x86 = Release|x86
	EndGlobalSection
	GlobalSection(ProjectConfigurationPlatforms) = postSolution
		{4E283B15-8F43-425F-923F-00459E0B5490}.Debug|Any CPU.ActiveCfg = Debug|Any CPU
		{4E283B15-8F43-425F-923F-00459E0B5490}.Debug|Any CPU.Build.0 = Debug|Any CPU
		{4E283B15-8F43-425F-923F-00459E0B5490}.Debug|x64.ActiveCfg = Debug|Any CPU
		{4E283B15-8F43-425F-923F-00459E0B5490}.Debug|x64.Build.0 = Debug|Any CPU
		{4E283B15-8F43-425F-923F-00459E0B5490}.Debug|x86.ActiveCfg = Debug|Any CPU
		{4E283B15-8F43-425F-923F-00459E0B5490}.Debug|x86.Build.0 = Debug|Any CPU
		{4E283B15-8F43-425F-923F-00459E0B5490}.Release|Any CPU.ActiveCfg = Release|Any CPU
		{4E283B15-8F43-425F-923F-00459E0B5490}.Release|Any CPU.Build.0 = Release|Any CPU
		{4E283B15-8F43-425F-923F-00459E0B5490}.Release|x64.ActiveCfg = Release|Any CPU
		{4E283B15-8F43-425F-923F-00459E0B5490}.Release|x64.Build.0 = Release|Any CPU
		{4E283B15-8F43-425F-923F-00459E0B5490}.Release|x86.ActiveCfg = Release|Any CPU
		{4E283B15-8F43-425F-923F-00459E0B5490}.Release|x86.Build.0 = Release|Any CPU
		{C70B9DE3-3D5E-4C67-ACDA-F6D93C446F00}.Debug|Any CPU.ActiveCfg = Debug|Any CPU
		{C70B9DE3-3D5E-4C67-ACDA-F6D93C446F00}.Debug|Any CPU.Build.0 = Debug|Any CPU
		{C70B9DE3-3D5E-4C67-ACDA-F6D93C446F00}.Debug|x64.ActiveCfg = Debug|Any CPU
		{C70B9DE3-3D5E-4C67-ACDA-F6D93C446F00}.Debug|x64.Build.0 = Debug|Any CPU
		{C70B9DE3-3D5E-4C67-ACDA-F6D93C446F00}.Debug|x86.ActiveCfg = Debug|Any CPU
		{C70B9DE3-3D5E-4C67-ACDA-F6D93C446F00}.Debug|x86.Build.0 = Debug|Any CPU
		{C70B9DE3-3D5E-4C67-ACDA-F6D93C446F00}.Release|Any CPU.ActiveCfg = Release|Any CPU
		{C70B9DE3-3D5E-4C67-ACDA-F6D93C446F00}.Release|Any CPU.Build.0 = Release|Any CPU
		{C70B9DE3-3D5E-4C67-ACDA-F6D93C446F00}.Release|x64.ActiveCfg = Release|Any CPU
		{C70B9DE3-3D5E-4C67-ACDA-F6D93C446F00}.Release|x64.Build.0 = Release|Any CPU
		{C70B9DE3-3D5E-4C67-ACDA-F6D93C446F00}.Release|x86.ActiveCfg = Release|Any CPU
		{C70B9DE3-3D5E-4C67-ACDA-F6D93C446F00}.Release|x86.Build.0 = Release|Any CPU
		{747E4550-C735-4BCA-A2B8-C864EFF59DA9}.Debug|Any CPU.ActiveCfg = Debug|Any CPU
		{747E4550-C735-4BCA-A2B8-C864EFF59DA9}.Debug|Any CPU.Build.0 = Debug|Any CPU
		{747E4550-C735-4BCA-A2B8-C864EFF59DA9}.Debug|x64.ActiveCfg = Debug|Any CPU
		{747E4550-C735-4BCA-A2B8-C864EFF59DA9}.Debug|x64.Build.0 = Debug|Any CPU
		{747E4550-C735-4BCA-A2B8-C864EFF59DA9}.Debug|x86.ActiveCfg = Debug|Any CPU
		{747E4550-C735-4BCA-A2B8-C864EFF59DA9}.Debug|x86.Build.0 = Debug|Any CPU
		{747E4550-C735-4BCA-A2B8-C864EFF59DA9}.Release|Any CPU.ActiveCfg = Release|Any CPU
		{747E4550-C735-4BCA-A2B8-C864EFF59DA9}.Release|Any CPU.Build.0 = Release|Any CPU
		{747E4550-C735-4BCA-A2B8-C864EFF59DA9}.Release|x64.ActiveCfg = Release|Any CPU
		{747E4550-C735-4BCA-A2B8-C864EFF59DA9}.Release|x64.Build.0 = Release|Any CPU
		{747E4550-C735-4BCA-A2B8-C864EFF59DA9}.Release|x86.ActiveCfg = Release|Any CPU
		{747E4550-C735-4BCA-A2B8-C864EFF59DA9}.Release|x86.Build.0 = Release|Any CPU
		{01009902-89C4-4F23-8DE1-5AA60F3CF4E7}.Debug|Any CPU.ActiveCfg = Debug|Any CPU
		{01009902-89C4-4F23-8DE1-5AA60F3CF4E7}.Debug|Any CPU.Build.0 = Debug|Any CPU
		{01009902-89C4-4F23-8DE1-5AA60F3CF4E7}.Debug|x64.ActiveCfg = Debug|Any CPU
		{01009902-89C4-4F23-8DE1-5AA60F3CF4E7}.Debug|x64.Build.0 = Debug|Any CPU
		{01009902-89C4-4F23-8DE1-5AA60F3CF4E7}.Debug|x86.ActiveCfg = Debug|Any CPU
		{01009902-89C4-4F23-8DE1-5AA60F3CF4E7}.Debug|x86.Build.0 = Debug|Any CPU
		{01009902-89C4-4F23-8DE1-5AA60F3CF4E7}.Release|Any CPU.ActiveCfg = Release|Any CPU
		{01009902-89C4-4F23-8DE1-5AA60F3CF4E7}.Release|Any CPU.Build.0 = Release|Any CPU
		{01009902-89C4-4F23-8DE1-5AA60F3CF4E7}.Release|x64.ActiveCfg = Release|Any CPU
		{01009902-89C4-4F23-8DE1-5AA60F3CF4E7}.Release|x64.Build.0 = Release|Any CPU
		{01009902-89C4-4F23-8DE1-5AA60F3CF4E7}.Release|x86.ActiveCfg = Release|Any CPU
		{01009902-89C4-4F23-8DE1-5AA60F3CF4E7}.Release|x86.Build.0 = Release|Any CPU
		{B8446BC0-6009-48B9-A3F1-5CD194855186}.Debug|Any CPU.ActiveCfg = Debug|Any CPU
		{B8446BC0-6009-48B9-A3F1-5CD194855186}.Debug|Any CPU.Build.0 = Debug|Any CPU
		{B8446BC0-6009-48B9-A3F1-5CD194855186}.Debug|x64.ActiveCfg = Debug|Any CPU
		{B8446BC0-6009-48B9-A3F1-5CD194855186}.Debug|x64.Build.0 = Debug|Any CPU
		{B8446BC0-6009-48B9-A3F1-5CD194855186}.Debug|x86.ActiveCfg = Debug|Any CPU
		{B8446BC0-6009-48B9-A3F1-5CD194855186}.Debug|x86.Build.0 = Debug|Any CPU
		{B8446BC0-6009-48B9-A3F1-5CD194855186}.Release|Any CPU.ActiveCfg = Release|Any CPU
		{B8446BC0-6009-48B9-A3F1-5CD194855186}.Release|Any CPU.Build.0 = Release|Any CPU
		{B8446BC0-6009-48B9-A3F1-5CD194855186}.Release|x64.ActiveCfg = Release|Any CPU
		{B8446BC0-6009-48B9-A3F1-5CD194855186}.Release|x64.Build.0 = Release|Any CPU
		{B8446BC0-6009-48B9-A3F1-5CD194855186}.Release|x86.ActiveCfg = Release|Any CPU
		{B8446BC0-6009-48B9-A3F1-5CD194855186}.Release|x86.Build.0 = Release|Any CPU
	EndGlobalSection
	GlobalSection(SolutionProperties) = preSolution
		HideSolutionNode = FALSE
	EndGlobalSection
	GlobalSection(NestedProjects) = preSolution
		{4E283B15-8F43-425F-923F-00459E0B5490} = {827E0CD3-B72D-47B6-A68D-7590B98EB39B}
		{C70B9DE3-3D5E-4C67-ACDA-F6D93C446F00} = {827E0CD3-B72D-47B6-A68D-7590B98EB39B}
		{747E4550-C735-4BCA-A2B8-C864EFF59DA9} = {827E0CD3-B72D-47B6-A68D-7590B98EB39B}
		{01009902-89C4-4F23-8DE1-5AA60F3CF4E7} = {827E0CD3-B72D-47B6-A68D-7590B98EB39B}
		{B8446BC0-6009-48B9-A3F1-5CD194855186} = {0AB3BF05-4346-4AA6-1389-037BE0695223}
	EndGlobalSection
EndGlobal
